
Microsoft Visual Studio Solution File, Format Version 12.00
# Visual Studio Version 17
VisualStudioVersion = 17.5.33530.505
MinimumVisualStudioVersion = 10.0.40219.1
Project("{FAE04EC0-301F-11D3-BF4B-00C04F79EFBC}") = "PlatformSerivces", "PlatformSerivces\PlatformSerivces.csproj", "{13673750-5DB2-41B8-89AE-E5EF4395EB2A}"
EndProject
Global
	GlobalSection(SolutionConfigurationPlatforms) = preSolution
		Debug|Any CPU = Debug|Any CPU
		Release|Any CPU = Release|Any CPU
	EndGlobalSection
	GlobalSection(ProjectConfigurationPlatforms) = postSolution
		{13673750-5DB2-41B8-89AE-E5EF4395EB2A}.Debug|Any CPU.ActiveCfg = Debug|Any CPU
		{13673750-5DB2-41B8-89AE-E5EF4395EB2A}.Debug|Any CPU.Build.0 = Debug|Any CPU
		{13673750-5DB2-41B8-89AE-E5EF4395EB2A}.Release|Any CPU.ActiveCfg = Release|Any CPU
		{13673750-5DB2-41B8-89AE-E5EF4395EB2A}.Release|Any CPU.Build.0 = Release|Any CPU
	EndGlobalSection
	GlobalSection(SolutionProperties) = preSolution
		HideSolutionNode = FALSE
	EndGlobalSection
	GlobalSection(ExtensibilityGlobals) = postSolution
		SolutionGuid = {10DA7F2B-726B-4927-BAF2-FD17A62DF4CC}
	EndGlobalSection
EndGlobal
